
Microsoft Visual Studio Solution File, Format Version 12.00
Project("{FAE04EC0-301F-11D3-BF4B-00C04F79EFBC}") = "XMean.MongoDb", "XMean.MongoDb\XMean.MongoDb.csproj", "{38B9CD5E-E0E4-4818-9BD4-63F2A06628AB}"
EndProject
Project("{FAE04EC0-301F-11D3-BF4B-00C04F79EFBC}") = "XMean", "XMean\XMean.csproj", "{A7B51F74-2FDE-4190-A02F-D0DE917B44E5}"
EndProject
Project("{FAE04EC0-301F-11D3-BF4B-00C04F79EFBC}") = "XMean.TestConsole", "XMean.TestConsole\XMean.TestConsole.csproj", "{2A38D762-E307-4839-A3AF-C7232E62082E}"
EndProject
Global
	GlobalSection(SolutionConfigurationPlatforms) = preSolution
		Debug|Any CPU = Debug|Any CPU
		Release|Any CPU = Release|Any CPU
	EndGlobalSection
	GlobalSection(ProjectConfigurationPlatforms) = postSolution
		{38B9CD5E-E0E4-4818-9BD4-63F2A06628AB}.Debug|Any CPU.ActiveCfg = Debug|Any CPU
		{38B9CD5E-E0E4-4818-9BD4-63F2A06628AB}.Debug|Any CPU.Build.0 = Debug|Any CPU
		{38B9CD5E-E0E4-4818-9BD4-63F2A06628AB}.Release|Any CPU.ActiveCfg = Release|Any CPU
		{38B9CD5E-E0E4-4818-9BD4-63F2A06628AB}.Release|Any CPU.Build.0 = Release|Any CPU
		{A7B51F74-2FDE-4190-A02F-D0DE917B44E5}.Debug|Any CPU.ActiveCfg = Debug|Any CPU
		{A7B51F74-2FDE-4190-A02F-D0DE917B44E5}.Debug|Any CPU.Build.0 = Debug|Any CPU
		{A7B51F74-2FDE-4190-A02F-D0DE917B44E5}.Release|Any CPU.ActiveCfg = Release|Any CPU
		{A7B51F74-2FDE-4190-A02F-D0DE917B44E5}.Release|Any CPU.Build.0 = Release|Any CPU
		{2A38D762-E307-4839-A3AF-C7232E62082E}.Debug|Any CPU.ActiveCfg = Debug|Any CPU
		{2A38D762-E307-4839-A3AF-C7232E62082E}.Debug|Any CPU.Build.0 = Debug|Any CPU
		{2A38D762-E307-4839-A3AF-C7232E62082E}.Release|Any CPU.ActiveCfg = Release|Any CPU
		{2A38D762-E307-4839-A3AF-C7232E62082E}.Release|Any CPU.Build.0 = Release|Any CPU
	EndGlobalSection
EndGlobal
